
Microsoft Visual Studio Solution File, Format Version 12.00
Project("{FAE04EC0-301F-11D3-BF4B-00C04F79EFBC}") = "01-Trebuchet", "01-Trebuchet\01-Trebuchet.csproj", "{AF9F378C-94D5-44BE-88F4-816404D55EF8}"
EndProject
Project("{FAE04EC0-301F-11D3-BF4B-00C04F79EFBC}") = "02-CubeConundrum", "02-CubeConundrum\02-CubeConundrum.csproj", "{850369C3-015B-4674-9E0D-5E298D0B04AA}"
EndProject
Project("{FAE04EC0-301F-11D3-BF4B-00C04F79EFBC}") = "03-GearRatios", "03-GearRatios\03-GearRatios.csproj", "{D5CC9C75-0D9F-41AB-951F-CA3D7E797B88}"
EndProject
Project("{FAE04EC0-301F-11D3-BF4B-00C04F79EFBC}") = "04-Scratchcards", "04-Scratchcards\04-Scratchcards.csproj", "{34286935-671A-49EA-8E26-B3B876C3F288}"
EndProject
Project("{FAE04EC0-301F-11D3-BF4B-00C04F79EFBC}") = "05-SeedFertilizer", "05-SeedFertilizer\05-SeedFertilizer.csproj", "{74F4EB2D-4B85-48B9-8517-E3EC52A314C4}"
EndProject
Project("{FAE04EC0-301F-11D3-BF4B-00C04F79EFBC}") = "06-WaitForIt", "06-WaitForIt\06-WaitForIt.csproj", "{99A77C5D-239C-45BA-823E-F5EDD8EDA50C}"
EndProject
Global
	GlobalSection(SolutionConfigurationPlatforms) = preSolution
		Debug|Any CPU = Debug|Any CPU
		Release|Any CPU = Release|Any CPU
	EndGlobalSection
	GlobalSection(ProjectConfigurationPlatforms) = postSolution
		{AF9F378C-94D5-44BE-88F4-816404D55EF8}.Debug|Any CPU.ActiveCfg = Debug|Any CPU
		{AF9F378C-94D5-44BE-88F4-816404D55EF8}.Debug|Any CPU.Build.0 = Debug|Any CPU
		{AF9F378C-94D5-44BE-88F4-816404D55EF8}.Release|Any CPU.ActiveCfg = Release|Any CPU
		{AF9F378C-94D5-44BE-88F4-816404D55EF8}.Release|Any CPU.Build.0 = Release|Any CPU
		{850369C3-015B-4674-9E0D-5E298D0B04AA}.Debug|Any CPU.ActiveCfg = Debug|Any CPU
		{850369C3-015B-4674-9E0D-5E298D0B04AA}.Debug|Any CPU.Build.0 = Debug|Any CPU
		{850369C3-015B-4674-9E0D-5E298D0B04AA}.Release|Any CPU.ActiveCfg = Release|Any CPU
		{850369C3-015B-4674-9E0D-5E298D0B04AA}.Release|Any CPU.Build.0 = Release|Any CPU
		{D5CC9C75-0D9F-41AB-951F-CA3D7E797B88}.Debug|Any CPU.ActiveCfg = Debug|Any CPU
		{D5CC9C75-0D9F-41AB-951F-CA3D7E797B88}.Debug|Any CPU.Build.0 = Debug|Any CPU
		{D5CC9C75-0D9F-41AB-951F-CA3D7E797B88}.Release|Any CPU.ActiveCfg = Release|Any CPU
		{D5CC9C75-0D9F-41AB-951F-CA3D7E797B88}.Release|Any CPU.Build.0 = Release|Any CPU
		{34286935-671A-49EA-8E26-B3B876C3F288}.Debug|Any CPU.ActiveCfg = Debug|Any CPU
		{34286935-671A-49EA-8E26-B3B876C3F288}.Debug|Any CPU.Build.0 = Debug|Any CPU
		{34286935-671A-49EA-8E26-B3B876C3F288}.Release|Any CPU.ActiveCfg = Release|Any CPU
		{34286935-671A-49EA-8E26-B3B876C3F288}.Release|Any CPU.Build.0 = Release|Any CPU
		{74F4EB2D-4B85-48B9-8517-E3EC52A314C4}.Debug|Any CPU.ActiveCfg = Debug|Any CPU
		{74F4EB2D-4B85-48B9-8517-E3EC52A314C4}.Debug|Any CPU.Build.0 = Debug|Any CPU
		{74F4EB2D-4B85-48B9-8517-E3EC52A314C4}.Release|Any CPU.ActiveCfg = Release|Any CPU
		{74F4EB2D-4B85-48B9-8517-E3EC52A314C4}.Release|Any CPU.Build.0 = Release|Any CPU
		{99A77C5D-239C-45BA-823E-F5EDD8EDA50C}.Debug|Any CPU.ActiveCfg = Debug|Any CPU
		{99A77C5D-239C-45BA-823E-F5EDD8EDA50C}.Debug|Any CPU.Build.0 = Debug|Any CPU
		{99A77C5D-239C-45BA-823E-F5EDD8EDA50C}.Release|Any CPU.ActiveCfg = Release|Any CPU
		{99A77C5D-239C-45BA-823E-F5EDD8EDA50C}.Release|Any CPU.Build.0 = Release|Any CPU
	EndGlobalSection
EndGlobal
