
Microsoft Visual Studio Solution File, Format Version 12.00
Project("{FAE04EC0-301F-11D3-BF4B-00C04F79EFBC}") = "01-Trebuchet", "01-Trebuchet\01-Trebuchet.csproj", "{AF9F378C-94D5-44BE-88F4-816404D55EF8}"
EndProject
Global
	GlobalSection(SolutionConfigurationPlatforms) = preSolution
		Debug|Any CPU = Debug|Any CPU
		Release|Any CPU = Release|Any CPU
	EndGlobalSection
	GlobalSection(ProjectConfigurationPlatforms) = postSolution
		{AF9F378C-94D5-44BE-88F4-816404D55EF8}.Debug|Any CPU.ActiveCfg = Debug|Any CPU
		{AF9F378C-94D5-44BE-88F4-816404D55EF8}.Debug|Any CPU.Build.0 = Debug|Any CPU
		{AF9F378C-94D5-44BE-88F4-816404D55EF8}.Release|Any CPU.ActiveCfg = Release|Any CPU
		{AF9F378C-94D5-44BE-88F4-816404D55EF8}.Release|Any CPU.Build.0 = Release|Any CPU
	EndGlobalSection
EndGlobal
